// !$*UTF8*$!
{
	archiveVersion = 1;
	classes = {
	};
	objectVersion = 46;
	objects = {

/* Begin PBXBuildFile section */
		516A7A361DFB21DF0010BF95 /* AppDelegate.swift in Sources */ = {isa = PBXBuildFile; fileRef = 516A7A351DFB21DF0010BF95 /* AppDelegate.swift */; };
		516A7A401DFB21DF0010BF95 /* LaunchScreen.storyboard in Resources */ = {isa = PBXBuildFile; fileRef = 516A7A3E1DFB21DF0010BF95 /* LaunchScreen.storyboard */; };
		516A7A481DFC4F730010BF95 /* BackspaceTextView.swift in Sources */ = {isa = PBXBuildFile; fileRef = 516A7A471DFC4F730010BF95 /* BackspaceTextView.swift */; };
		516A7A4C1DFC4F840010BF95 /* TagView.swift in Sources */ = {isa = PBXBuildFile; fileRef = 516A7A491DFC4F840010BF95 /* TagView.swift */; };
		516A7A4D1DFC4F840010BF95 /* TagView.xib in Resources */ = {isa = PBXBuildFile; fileRef = 516A7A4A1DFC4F840010BF95 /* TagView.xib */; };
		516A7A4E1DFC4F840010BF95 /* TagListView.swift in Sources */ = {isa = PBXBuildFile; fileRef = 516A7A4B1DFC4F840010BF95 /* TagListView.swift */; };
		516A7A511DFC4FA00010BF95 /* Main.storyboard in Resources */ = {isa = PBXBuildFile; fileRef = 516A7A4F1DFC4FA00010BF95 /* Main.storyboard */; };
		516A7A521DFC4FA00010BF95 /* Images.xcassets in Resources */ = {isa = PBXBuildFile; fileRef = 516A7A501DFC4FA00010BF95 /* Images.xcassets */; };
		516A7A571DFC50D80010BF95 /* TagTableViewController.swift in Sources */ = {isa = PBXBuildFile; fileRef = 516A7A561DFC50D80010BF95 /* TagTableViewController.swift */; };
		516A7A591DFC50F30010BF95 /* TagsTableViewCell.swift in Sources */ = {isa = PBXBuildFile; fileRef = 516A7A581DFC50F30010BF95 /* TagsTableViewCell.swift */; };
		51CF42C11DFC56CD00C9AD91 /* ViewController.swift in Sources */ = {isa = PBXBuildFile; fileRef = 51CF42C01DFC56CC00C9AD91 /* ViewController.swift */; };
/* End PBXBuildFile section */

/* Begin PBXFileReference section */
		516A7A321DFB21DF0010BF95 /* ManagedTagListView.app */ = {isa = PBXFileReference; explicitFileType = wrapper.application; includeInIndex = 0; path = ManagedTagListView.app; sourceTree = BUILT_PRODUCTS_DIR; };
		516A7A351DFB21DF0010BF95 /* AppDelegate.swift */ = {isa = PBXFileReference; lastKnownFileType = sourcecode.swift; path = AppDelegate.swift; sourceTree = "<group>"; };
		516A7A3F1DFB21DF0010BF95 /* Base */ = {isa = PBXFileReference; lastKnownFileType = file.storyboard; name = Base; path = Base.lproj/LaunchScreen.storyboard; sourceTree = "<group>"; };
		516A7A411DFB21DF0010BF95 /* Info.plist */ = {isa = PBXFileReference; lastKnownFileType = text.plist.xml; path = Info.plist; sourceTree = "<group>"; };
		516A7A471DFC4F730010BF95 /* BackspaceTextView.swift */ = {isa = PBXFileReference; fileEncoding = 4; lastKnownFileType = sourcecode.swift; path = BackspaceTextView.swift; sourceTree = "<group>"; };
		516A7A491DFC4F840010BF95 /* TagView.swift */ = {isa = PBXFileReference; fileEncoding = 4; lastKnownFileType = sourcecode.swift; path = TagView.swift; sourceTree = "<group>"; };
		516A7A4A1DFC4F840010BF95 /* TagView.xib */ = {isa = PBXFileReference; fileEncoding = 4; lastKnownFileType = file.xib; path = TagView.xib; sourceTree = "<group>"; };
		516A7A4B1DFC4F840010BF95 /* TagListView.swift */ = {isa = PBXFileReference; fileEncoding = 4; lastKnownFileType = sourcecode.swift; path = TagListView.swift; sourceTree = "<group>"; };
		516A7A4F1DFC4FA00010BF95 /* Main.storyboard */ = {isa = PBXFileReference; fileEncoding = 4; lastKnownFileType = file.storyboard; path = Main.storyboard; sourceTree = "<group>"; };
		516A7A501DFC4FA00010BF95 /* Images.xcassets */ = {isa = PBXFileReference; lastKnownFileType = folder.assetcatalog; path = Images.xcassets; sourceTree = "<group>"; };
		516A7A561DFC50D80010BF95 /* TagTableViewController.swift */ = {isa = PBXFileReference; fileEncoding = 4; lastKnownFileType = sourcecode.swift; path = TagTableViewController.swift; sourceTree = "<group>"; };
		516A7A581DFC50F30010BF95 /* TagsTableViewCell.swift */ = {isa = PBXFileReference; fileEncoding = 4; lastKnownFileType = sourcecode.swift; path = TagsTableViewCell.swift; sourceTree = "<group>"; };
		51CF42C01DFC56CC00C9AD91 /* ViewController.swift */ = {isa = PBXFileReference; fileEncoding = 4; lastKnownFileType = sourcecode.swift; path = ViewController.swift; sourceTree = "<group>"; };
		51CF42C21E02A5F600C9AD91 /* README.md */ = {isa = PBXFileReference; fileEncoding = 4; lastKnownFileType = net.daringfireball.markdown; path = README.md; sourceTree = "<group>"; };
/* End PBXFileReference section */

/* Begin PBXFrameworksBuildPhase section */
		516A7A2F1DFB21DE0010BF95 /* Frameworks */ = {
			isa = PBXFrameworksBuildPhase;
			buildActionMask = 2147483647;
			files = (
			);
			runOnlyForDeploymentPostprocessing = 0;
		};
/* End PBXFrameworksBuildPhase section */

/* Begin PBXGroup section */
		516A7A291DFB21DE0010BF95 = {
			isa = PBXGroup;
			children = (
				51CF42C21E02A5F600C9AD91 /* README.md */,
				516A7A341DFB21DF0010BF95 /* ManagedTagListView */,
				516A7A331DFB21DF0010BF95 /* Products */,
			);
			sourceTree = "<group>";
		};
		516A7A331DFB21DF0010BF95 /* Products */ = {
			isa = PBXGroup;
			children = (
				516A7A321DFB21DF0010BF95 /* ManagedTagListView.app */,
			);
			name = Products;
			sourceTree = "<group>";
		};
		516A7A341DFB21DF0010BF95 /* ManagedTagListView */ = {
			isa = PBXGroup;
			children = (
				516A7A581DFC50F30010BF95 /* TagsTableViewCell.swift */,
				51CF42C01DFC56CC00C9AD91 /* ViewController.swift */,
				516A7A561DFC50D80010BF95 /* TagTableViewController.swift */,
				516A7A531DFC4FD00010BF95 /* TagListView */,
				516A7A4F1DFC4FA00010BF95 /* Main.storyboard */,
				516A7A5A1DFC511D0010BF95 /* Support */,
			);
			path = ManagedTagListView;
			sourceTree = "<group>";
		};
		516A7A531DFC4FD00010BF95 /* TagListView */ = {
			isa = PBXGroup;
			children = (
				516A7A471DFC4F730010BF95 /* BackspaceTextView.swift */,
				516A7A491DFC4F840010BF95 /* TagView.swift */,
				516A7A4B1DFC4F840010BF95 /* TagListView.swift */,
				516A7A4A1DFC4F840010BF95 /* TagView.xib */,
			);
			name = TagListView;
			sourceTree = "<group>";
		};
		516A7A5A1DFC511D0010BF95 /* Support */ = {
			isa = PBXGroup;
			children = (
				516A7A3E1DFB21DF0010BF95 /* LaunchScreen.storyboard */,
				516A7A351DFB21DF0010BF95 /* AppDelegate.swift */,
				516A7A501DFC4FA00010BF95 /* Images.xcassets */,
				516A7A411DFB21DF0010BF95 /* Info.plist */,
			);
			name = Support;
			sourceTree = "<group>";
		};
/* End PBXGroup section */

/* Begin PBXNativeTarget section */
		516A7A311DFB21DE0010BF95 /* ManagedTagListView */ = {
			isa = PBXNativeTarget;
			buildConfigurationList = 516A7A441DFB21DF0010BF95 /* Build configuration list for PBXNativeTarget "ManagedTagListView" */;
			buildPhases = (
				516A7A2E1DFB21DE0010BF95 /* Sources */,
				516A7A2F1DFB21DE0010BF95 /* Frameworks */,
				516A7A301DFB21DE0010BF95 /* Resources */,
			);
			buildRules = (
			);
			dependencies = (
			);
			name = ManagedTagListView;
			productName = ManagedTagListView;
			productReference = 516A7A321DFB21DF0010BF95 /* ManagedTagListView.app */;
			productType = "com.apple.product-type.application";
		};
/* End PBXNativeTarget section */

/* Begin PBXProject section */
		516A7A2A1DFB21DE0010BF95 /* Project object */ = {
			isa = PBXProject;
			attributes = {
				LastSwiftUpdateCheck = 0810;
				LastUpgradeCheck = 0810;
				ORGANIZATIONNAME = "Hovering Above";
				TargetAttributes = {
					516A7A311DFB21DE0010BF95 = {
						CreatedOnToolsVersion = 8.1;
						DevelopmentTeam = Q4FXMVWJ7V;
						ProvisioningStyle = Automatic;
					};
				};
			};
			buildConfigurationList = 516A7A2D1DFB21DE0010BF95 /* Build configuration list for PBXProject "ManagedTagListView" */;
			compatibilityVersion = "Xcode 3.2";
			developmentRegion = English;
			hasScannedForEncodings = 0;
			knownRegions = (
				en,
				Base,
			);
			mainGroup = 516A7A291DFB21DE0010BF95;
			productRefGroup = 516A7A331DFB21DF0010BF95 /* Products */;
			projectDirPath = "";
			projectRoot = "";
			targets = (
				516A7A311DFB21DE0010BF95 /* ManagedTagListView */,
			);
		};
/* End PBXProject section */

/* Begin PBXResourcesBuildPhase section */
		516A7A301DFB21DE0010BF95 /* Resources */ = {
			isa = PBXResourcesBuildPhase;
			buildActionMask = 2147483647;
			files = (
				516A7A401DFB21DF0010BF95 /* LaunchScreen.storyboard in Resources */,
				516A7A511DFC4FA00010BF95 /* Main.storyboard in Resources */,
				516A7A521DFC4FA00010BF95 /* Images.xcassets in Resources */,
				516A7A4D1DFC4F840010BF95 /* TagView.xib in Resources */,
			);
			runOnlyForDeploymentPostprocessing = 0;
		};
/* End PBXResourcesBuildPhase section */

/* Begin PBXSourcesBuildPhase section */
		516A7A2E1DFB21DE0010BF95 /* Sources */ = {
			isa = PBXSourcesBuildPhase;
			buildActionMask = 2147483647;
			files = (
				516A7A4E1DFC4F840010BF95 /* TagListView.swift in Sources */,
				516A7A481DFC4F730010BF95 /* BackspaceTextView.swift in Sources */,
				516A7A591DFC50F30010BF95 /* TagsTableViewCell.swift in Sources */,
				516A7A571DFC50D80010BF95 /* TagTableViewController.swift in Sources */,
				516A7A361DFB21DF0010BF95 /* AppDelegate.swift in Sources */,
				51CF42C11DFC56CD00C9AD91 /* ViewController.swift in Sources */,
				516A7A4C1DFC4F840010BF95 /* TagView.swift in Sources */,
			);
			runOnlyForDeploymentPostprocessing = 0;
		};
/* End PBXSourcesBuildPhase section */

/* Begin PBXVariantGroup section */
		516A7A3E1DFB21DF0010BF95 /* LaunchScreen.storyboard */ = {
			isa = PBXVariantGroup;
			children = (
				516A7A3F1DFB21DF0010BF95 /* Base */,
			);
			name = LaunchScreen.storyboard;
			sourceTree = "<group>";
		};
/* End PBXVariantGroup section */

/* Begin XCBuildConfiguration section */
		516A7A421DFB21DF0010BF95 /* Debug */ = {
			isa = XCBuildConfiguration;
			buildSettings = {
				ALWAYS_SEARCH_USER_PATHS = NO;
				CLANG_ANALYZER_NONNULL = YES;
				CLANG_CXX_LANGUAGE_STANDARD = "gnu++0x";
				CLANG_CXX_LIBRARY = "libc++";
				CLANG_ENABLE_MODULES = YES;
				CLANG_ENABLE_OBJC_ARC = YES;
				CLANG_WARN_BOOL_CONVERSION = YES;
				CLANG_WARN_CONSTANT_CONVERSION = YES;
				CLANG_WARN_DIRECT_OBJC_ISA_USAGE = YES_ERROR;
				CLANG_WARN_DOCUMENTATION_COMMENTS = YES;
				CLANG_WARN_EMPTY_BODY = YES;
				CLANG_WARN_ENUM_CONVERSION = YES;
				CLANG_WARN_INFINITE_RECURSION = YES;
				CLANG_WARN_INT_CONVERSION = YES;
				CLANG_WARN_OBJC_ROOT_CLASS = YES_ERROR;
				CLANG_WARN_SUSPICIOUS_MOVES = YES;
				CLANG_WARN_UNREACHABLE_CODE = YES;
				CLANG_WARN__DUPLICATE_METHOD_MATCH = YES;
				"CODE_SIGN_IDENTITY[sdk=iphoneos*]" = "iPhone Developer";
				COPY_PHASE_STRIP = NO;
				DEBUG_INFORMATION_FORMAT = dwarf;
				ENABLE_STRICT_OBJC_MSGSEND = YES;
				ENABLE_TESTABILITY = YES;
				GCC_C_LANGUAGE_STANDARD = gnu99;
				GCC_DYNAMIC_NO_PIC = NO;
				GCC_NO_COMMON_BLOCKS = YES;
				GCC_OPTIMIZATION_LEVEL = 0;
				GCC_PREPROCESSOR_DEFINITIONS = (
					"DEBUG=1",
					"$(inherited)",
				);
				GCC_WARN_64_TO_32_BIT_CONVERSION = YES;
				GCC_WARN_ABOUT_RETURN_TYPE = YES_ERROR;
				GCC_WARN_UNDECLARED_SELECTOR = YES;
				GCC_WARN_UNINITIALIZED_AUTOS = YES_AGGRESSIVE;
				GCC_WARN_UNUSED_FUNCTION = YES;
				GCC_WARN_UNUSED_VARIABLE = YES;
				IPHONEOS_DEPLOYMENT_TARGET = 10.1;
				MTL_ENABLE_DEBUG_INFO = YES;
				ONLY_ACTIVE_ARCH = YES;
				SDKROOT = iphoneos;
				SWIFT_ACTIVE_COMPILATION_CONDITIONS = DEBUG;
				SWIFT_OPTIMIZATION_LEVEL = "-Onone";
				TARGETED_DEVICE_FAMILY = "1,2";
			};
			name = Debug;
		};
		516A7A431DFB21DF0010BF95 /* Release */ = {
			isa = XCBuildConfiguration;
			buildSettings = {
				ALWAYS_SEARCH_USER_PATHS = NO;
				CLANG_ANALYZER_NONNULL = YES;
				CLANG_CXX_LANGUAGE_STANDARD = "gnu++0x";
				CLANG_CXX_LIBRARY = "libc++";
				CLANG_ENABLE_MODULES = YES;
				CLANG_ENABLE_OBJC_ARC = YES;
				CLANG_WARN_BOOL_CONVERSION = YES;
				CLANG_WARN_CONSTANT_CONVERSION = YES;
				CLANG_WARN_DIRECT_OBJC_ISA_USAGE = YES_ERROR;
				CLANG_WARN_DOCUMENTATION_COMMENTS = YES;
				CLANG_WARN_EMPTY_BODY = YES;
				CLANG_WARN_ENUM_CONVERSION = YES;
				CLANG_WARN_INFINITE_RECURSION = YES;
				CLANG_WARN_INT_CONVERSION = YES;
				CLANG_WARN_OBJC_ROOT_CLASS = YES_ERROR;
				CLANG_WARN_SUSPICIOUS_MOVES = YES;
				CLANG_WARN_UNREACHABLE_CODE = YES;
				CLANG_WARN__DUPLICATE_METHOD_MATCH = YES;
				"CODE_SIGN_IDENTITY[sdk=iphoneos*]" = "iPhone Developer";
				COPY_PHASE_STRIP = NO;
				DEBUG_INFORMATION_FORMAT = "dwarf-with-dsym";
				ENABLE_NS_ASSERTIONS = NO;
				ENABLE_STRICT_OBJC_MSGSEND = YES;
				GCC_C_LANGUAGE_STANDARD = gnu99;
				GCC_NO_COMMON_BLOCKS = YES;
				GCC_WARN_64_TO_32_BIT_CONVERSION = YES;
				GCC_WARN_ABOUT_RETURN_TYPE = YES_ERROR;
				GCC_WARN_UNDECLARED_SELECTOR = YES;
				GCC_WARN_UNINITIALIZED_AUTOS = YES_AGGRESSIVE;
				GCC_WARN_UNUSED_FUNCTION = YES;
				GCC_WARN_UNUSED_VARIABLE = YES;
				IPHONEOS_DEPLOYMENT_TARGET = 10.1;
				MTL_ENABLE_DEBUG_INFO = NO;
				SDKROOT = iphoneos;
				SWIFT_OPTIMIZATION_LEVEL = "-Owholemodule";
				TARGETED_DEVICE_FAMILY = "1,2";
				VALIDATE_PRODUCT = YES;
			};
			name = Release;
		};
		516A7A451DFB21DF0010BF95 /* Debug */ = {
			isa = XCBuildConfiguration;
			buildSettings = {
				ASSETCATALOG_COMPILER_APPICON_NAME = AppIcon;
				DEVELOPMENT_TEAM = Q4FXMVWJ7V;
				INFOPLIST_FILE = ManagedTagListView/Info.plist;
				LD_RUNPATH_SEARCH_PATHS = "$(inherited) @executable_path/Frameworks";
				PRODUCT_BUNDLE_IDENTIFIER = com.sivas.hoveringabove.ManagedTagListView;
				PRODUCT_NAME = "$(TARGET_NAME)";
				SWIFT_VERSION = 3.0;
			};
			name = Debug;
		};
		516A7A461DFB21DF0010BF95 /* Release */ = {
			isa = XCBuildConfiguration;
			buildSettings = {
				ASSETCATALOG_COMPILER_APPICON_NAME = AppIcon;
				DEVELOPMENT_TEAM = Q4FXMVWJ7V;
				INFOPLIST_FILE = ManagedTagListView/Info.plist;
				LD_RUNPATH_SEARCH_PATHS = "$(inherited) @executable_path/Frameworks";
				PRODUCT_BUNDLE_IDENTIFIER = com.sivas.hoveringabove.ManagedTagListView;
				PRODUCT_NAME = "$(TARGET_NAME)";
				SWIFT_VERSION = 3.0;
			};
			name = Release;
		};
/* End XCBuildConfiguration section */

/* Begin XCConfigurationList section */
		516A7A2D1DFB21DE0010BF95 /* Build configuration list for PBXProject "ManagedTagListView" */ = {
			isa = XCConfigurationList;
			buildConfigurations = (
				516A7A421DFB21DF0010BF95 /* Debug */,
				516A7A431DFB21DF0010BF95 /* Release */,
			);
			defaultConfigurationIsVisible = 0;
			defaultConfigurationName = Release;
		};
		516A7A441DFB21DF0010BF95 /* Build configuration list for PBXNativeTarget "ManagedTagListView" */ = {
			isa = XCConfigurationList;
			buildConfigurations = (
				516A7A451DFB21DF0010BF95 /* Debug */,
				516A7A461DFB21DF0010BF95 /* Release */,
			);
			defaultConfigurationIsVisible = 0;
			defaultConfigurationName = Release;
		};
/* End XCConfigurationList section */
	};
	rootObject = 516A7A2A1DFB21DE0010BF95 /* Project object */;
}
